
Microsoft Visual Studio Solution File, Format Version 12.00
# Visual Studio Version 16
VisualStudioVersion = 16.0.31911.196
MinimumVisualStudioVersion = 10.0.40219.1
Project("{FAE04EC0-301F-11D3-BF4B-00C04F79EFBC}") = "DarGates", "DarGates\DarGates.csproj", "{3BFD1409-3162-4C35-B75B-926B2896874B}"
EndProject
Global
	GlobalSection(SolutionConfigurationPlatforms) = preSolution
		Debug|Any CPU = Debug|Any CPU
		Release|Any CPU = Release|Any CPU
	EndGlobalSection
	GlobalSection(ProjectConfigurationPlatforms) = postSolution
		{3BFD1409-3162-4C35-B75B-926B2896874B}.Debug|Any CPU.ActiveCfg = Debug|Any CPU
		{3BFD1409-3162-4C35-B75B-926B2896874B}.Debug|Any CPU.Build.0 = Debug|Any CPU
		{3BFD1409-3162-4C35-B75B-926B2896874B}.Release|Any CPU.ActiveCfg = Release|Any CPU
		{3BFD1409-3162-4C35-B75B-926B2896874B}.Release|Any CPU.Build.0 = Release|Any CPU
	EndGlobalSection
	GlobalSection(SolutionProperties) = preSolution
		HideSolutionNode = FALSE
	EndGlobalSection
	GlobalSection(ExtensibilityGlobals) = postSolution
		SolutionGuid = {B7F25A26-D203-42EA-B73F-A394B2508D6B}
	EndGlobalSection
EndGlobal
